{
    "version": 3,
    "terraform_version": "0.9.8",
    "serial": 1,
    "lineage": "7bbbb3b4-acc1-4cc1-b9de-1a636d030065",
    "modules": [
        {
            "path": [
                "root"
            ],
            "outputs": {
                "components_bucket_name": {
                    "sensitive": false,
                    "type": "string",
                    "value": "eth-quest-components"
                }
            },
            "resources": {
                "aws_s3_bucket.components": {
                    "type": "aws_s3_bucket",
                    "depends_on": [],
                    "primary": {
                        "id": "eth-quest-components",
                        "attributes": {
                            "acceleration_status": "",
                            "acl": "private",
                            "arn": "arn:aws:s3:::eth-quest-components",
                            "bucket": "eth-quest-components",
                            "bucket_domain_name": "eth-quest-components.s3.amazonaws.com",
                            "force_destroy": "false",
                            "hosted_zone_id": "Z3GKZC51ZF0DB4",
                            "id": "eth-quest-components",
                            "logging.#": "0",
                            "region": "eu-west-2",
                            "request_payer": "BucketOwner",
                            "tags.%": "1",
                            "tags.Name": "bucket-eth-quest-components",
                            "versioning.#": "1",
                            "versioning.0.enabled": "true",
                            "versioning.0.mfa_delete": "false",
                            "website.#": "0"
                        },
                        "meta": {},
                        "tainted": false
                    },
                    "deposed": [],
                    "provider": ""
                }
            },
            "depends_on": []
        }
    ]
}
