{
    "version": 3,
    "terraform_version": "0.11.1",
    "serial": 2,
    "lineage": "6b49b72a-af57-43a2-9a7c-ffbc89c2ef92",
    "modules": [
        {
            "path": [
                "root"
            ],
            "outputs": {
                "storage_bucket_name": {
                    "sensitive": false,
                    "type": "string",
                    "value": "eth-quest-global-storage-default"
                }
            },
            "resources": {},
            "depends_on": []
        },
        {
            "path": [
                "root",
                "storage_bucket"
            ],
            "outputs": {
                "bucket_name": {
                    "sensitive": false,
                    "type": "string",
                    "value": "eth-quest-global-storage-default"
                }
            },
            "resources": {
                "aws_s3_bucket.encrypted_bucket": {
                    "type": "aws_s3_bucket",
                    "depends_on": [],
                    "primary": {
                        "id": "eth-quest-global-storage-default",
                        "attributes": {
                            "acceleration_status": "",
                            "acl": "private",
                            "arn": "arn:aws:s3:::eth-quest-global-storage-default",
                            "bucket": "eth-quest-global-storage-default",
                            "bucket_domain_name": "eth-quest-global-storage-default.s3.amazonaws.com",
                            "force_destroy": "false",
                            "hosted_zone_id": "Z1BKCTXD74EZPE",
                            "id": "eth-quest-global-storage-default",
                            "logging.#": "0",
                            "region": "eu-west-1",
                            "request_payer": "BucketOwner",
                            "tags.%": "1",
                            "tags.Name": "eth-quest-global-storage-default",
                            "versioning.#": "1",
                            "versioning.0.enabled": "true",
                            "versioning.0.mfa_delete": "false",
                            "website.#": "0"
                        },
                        "meta": {},
                        "tainted": false
                    },
                    "deposed": [],
                    "provider": "module.storage_bucket.provider.aws"
                },
                "aws_s3_bucket_policy.encrypted_bucket": {
                    "type": "aws_s3_bucket_policy",
                    "depends_on": [
                        "aws_s3_bucket.encrypted_bucket",
                        "data.template_file.encrypted_bucket_policy"
                    ],
                    "primary": {
                        "id": "eth-quest-global-storage-default",
                        "attributes": {
                            "bucket": "eth-quest-global-storage-default",
                            "id": "eth-quest-global-storage-default",
                            "policy": "{\n  \"Version\": \"2012-10-17\",\n  \"Statement\": [\n    {\n  \"Sid\": \"DenyUnEncryptedObjectUploads\",\n  \"Effect\": \"Deny\",\n  \"Action\": [\"s3:PutObject\"],\n  \"Resource\": [\"arn:aws:s3:::eth-quest-global-storage-default/*\"],\n\n  \"Condition\": {\n    \"StringNotEquals\": {\n        \"s3:x-amz-server-side-encryption\": \"AES256\"\n    }\n  },\n\n  \"Principal\": \"*\"\n},\n    {\n  \"Sid\": \"DenyUnEncryptedInflightOperations\",\n  \"Effect\": \"Deny\",\n  \"Action\": [\"s3:*\"],\n  \"Resource\": [\"arn:aws:s3:::eth-quest-global-storage-default/*\"],\n\n  \"Condition\": {\n    \"Bool\": {\n        \"aws:SecureTransport\": \"false\"\n    }\n  },\n\n  \"Principal\": \"*\"\n}\n  ]\n}"
                        },
                        "meta": {},
                        "tainted": false
                    },
                    "deposed": [],
                    "provider": "module.storage_bucket.provider.aws"
                },
                "data.template_file.deny_unencrypted_inflight_operations_fragment": {
                    "type": "template_file",
                    "depends_on": [],
                    "primary": {
                        "id": "0335e4c1c8c05eb5c68adf1eeb811a48cff84ca86f0ff1bc9511e41c9a2bc7c4",
                        "attributes": {
                            "id": "0335e4c1c8c05eb5c68adf1eeb811a48cff84ca86f0ff1bc9511e41c9a2bc7c4",
                            "rendered": "{\n  \"Sid\": \"DenyUnEncryptedInflightOperations\",\n  \"Effect\": \"Deny\",\n  \"Action\": [\"s3:*\"],\n  \"Resource\": [\"arn:aws:s3:::eth-quest-global-storage-default/*\"],\n\n  \"Condition\": {\n    \"Bool\": {\n        \"aws:SecureTransport\": \"false\"\n    }\n  },\n\n  \"Principal\": \"*\"\n}",
                            "template": "{\n  \"Sid\": \"DenyUnEncryptedInflightOperations\",\n  \"Effect\": \"Deny\",\n  \"Action\": [\"s3:*\"],\n  \"Resource\": [\"arn:aws:s3:::${bucket_name}/*\"],\n\n  \"Condition\": {\n    \"Bool\": {\n        \"aws:SecureTransport\": \"false\"\n    }\n  },\n\n  \"Principal\": \"*\"\n}",
                            "vars.%": "1",
                            "vars.bucket_name": "eth-quest-global-storage-default"
                        },
                        "meta": {},
                        "tainted": false
                    },
                    "deposed": [],
                    "provider": "provider.template"
                },
                "data.template_file.deny_unencrypted_object_uploads_fragment": {
                    "type": "template_file",
                    "depends_on": [],
                    "primary": {
                        "id": "7e5230667ae82a6ff5913a60f15a4c7edc8a7db705a9b15428d0fb167aa42f43",
                        "attributes": {
                            "id": "7e5230667ae82a6ff5913a60f15a4c7edc8a7db705a9b15428d0fb167aa42f43",
                            "rendered": "{\n  \"Sid\": \"DenyUnEncryptedObjectUploads\",\n  \"Effect\": \"Deny\",\n  \"Action\": [\"s3:PutObject\"],\n  \"Resource\": [\"arn:aws:s3:::eth-quest-global-storage-default/*\"],\n\n  \"Condition\": {\n    \"StringNotEquals\": {\n        \"s3:x-amz-server-side-encryption\": \"AES256\"\n    }\n  },\n\n  \"Principal\": \"*\"\n}",
                            "template": "{\n  \"Sid\": \"DenyUnEncryptedObjectUploads\",\n  \"Effect\": \"Deny\",\n  \"Action\": [\"s3:PutObject\"],\n  \"Resource\": [\"arn:aws:s3:::${bucket_name}/*\"],\n\n  \"Condition\": {\n    \"StringNotEquals\": {\n        \"s3:x-amz-server-side-encryption\": \"AES256\"\n    }\n  },\n\n  \"Principal\": \"*\"\n}",
                            "vars.%": "1",
                            "vars.bucket_name": "eth-quest-global-storage-default"
                        },
                        "meta": {},
                        "tainted": false
                    },
                    "deposed": [],
                    "provider": "provider.template"
                },
                "data.template_file.encrypted_bucket_policy": {
                    "type": "template_file",
                    "depends_on": [
                        "data.template_file.deny_unencrypted_inflight_operations_fragment",
                        "data.template_file.deny_unencrypted_object_uploads_fragment"
                    ],
                    "primary": {
                        "id": "caa91c92c22d6bf88fc7cc564ff25d040a71a8e470537e35109f42f604bcd3c3",
                        "attributes": {
                            "id": "caa91c92c22d6bf88fc7cc564ff25d040a71a8e470537e35109f42f604bcd3c3",
                            "rendered": "{\n  \"Version\": \"2012-10-17\",\n  \"Statement\": [\n    {\n  \"Sid\": \"DenyUnEncryptedObjectUploads\",\n  \"Effect\": \"Deny\",\n  \"Action\": [\"s3:PutObject\"],\n  \"Resource\": [\"arn:aws:s3:::eth-quest-global-storage-default/*\"],\n\n  \"Condition\": {\n    \"StringNotEquals\": {\n        \"s3:x-amz-server-side-encryption\": \"AES256\"\n    }\n  },\n\n  \"Principal\": \"*\"\n},\n    {\n  \"Sid\": \"DenyUnEncryptedInflightOperations\",\n  \"Effect\": \"Deny\",\n  \"Action\": [\"s3:*\"],\n  \"Resource\": [\"arn:aws:s3:::eth-quest-global-storage-default/*\"],\n\n  \"Condition\": {\n    \"Bool\": {\n        \"aws:SecureTransport\": \"false\"\n    }\n  },\n\n  \"Principal\": \"*\"\n}\n  ]\n}",
                            "template": "{\n  \"Version\": \"2012-10-17\",\n  \"Statement\": [\n    ${deny_unencrypted_object_upload_fragment},\n    ${deny_unencrypted_inflight_operations_fragment}\n  ]\n}",
                            "vars.%": "3",
                            "vars.bucket_name": "eth-quest-global-storage-default",
                            "vars.deny_unencrypted_inflight_operations_fragment": "{\n  \"Sid\": \"DenyUnEncryptedInflightOperations\",\n  \"Effect\": \"Deny\",\n  \"Action\": [\"s3:*\"],\n  \"Resource\": [\"arn:aws:s3:::eth-quest-global-storage-default/*\"],\n\n  \"Condition\": {\n    \"Bool\": {\n        \"aws:SecureTransport\": \"false\"\n    }\n  },\n\n  \"Principal\": \"*\"\n}",
                            "vars.deny_unencrypted_object_upload_fragment": "{\n  \"Sid\": \"DenyUnEncryptedObjectUploads\",\n  \"Effect\": \"Deny\",\n  \"Action\": [\"s3:PutObject\"],\n  \"Resource\": [\"arn:aws:s3:::eth-quest-global-storage-default/*\"],\n\n  \"Condition\": {\n    \"StringNotEquals\": {\n        \"s3:x-amz-server-side-encryption\": \"AES256\"\n    }\n  },\n\n  \"Principal\": \"*\"\n}"
                        },
                        "meta": {},
                        "tainted": false
                    },
                    "deposed": [],
                    "provider": "provider.template"
                }
            },
            "depends_on": []
        }
    ]
}
